Microsoft Visual Studio Solution File, Format Version 12.00
# Visual Studio Version 16
VisualStudioVersion = 16.0.29920.165
MinimumVisualStudioVersion = 15.0.26124.0

Project("{D954291E-2A0B-460D-934E-DC6B0785DB48}") = "Weather.History.Shared", "Weather.History.Shared\Weather.History.Shared.shproj", "{6279C845-92F8-4333-AB99-3D213163593C}"
EndProject



Project("{9A19103F-16F7-4668-BE54-9A1E7A4F7556}") = "Weather.History.Wasm", "Weather.History.Wasm\Weather.History.Wasm.csproj", "{40EA03F7-8A22-4143-B251-79BAC3EB13D2}"
EndProject




Project("{9A19103F-16F7-4668-BE54-9A1E7A4F7556}") = "Weather.History.Windows.Desktop", "Weather.History.Windows.Desktop\Weather.History.Windows.Desktop.csproj", "{1AA13270-F438-4864-9435-54FD806E10EA}"
EndProject
Project("{C7167F0D-BC9F-4E6E-AFE1-012C56B48DB5}") = "Weather.History.Windows.Package", "Weather.History.Windows.Package\Weather.History.Windows.Package.wapproj", "{3fee67dc-2a06-4c6c-8541-dd840390c28d}"
EndProject

Global
	GlobalSection(SharedMSBuildProjectFiles) = preSolution
		Weather.History.Shared\Weather.History.Shared.projitems*{1aa13270-f438-4864-9435-54fd806e10ea}*SharedItemsImports = 5
		Weather.History.Shared\Weather.History.Shared.projitems*{098ecee6-4a74-4f42-8d71-6e0917db5438}*SharedItemsImports = 4
		Weather.History.Shared\Weather.History.Shared.projitems*{40ea03f7-8a22-4143-b251-79bac3eb13d2}*SharedItemsImports = 5
		Weather.History.Shared\Weather.History.Shared.projitems*{6cbf008a-8623-46a5-ae03-bbea681fdd55}*SharedItemsImports = 5
		Weather.History.Shared\Weather.History.Shared.projitems*{6279c845-92f8-4333-ab99-3d213163593c}*SharedItemsImports = 13
		Weather.History.Shared\Weather.History.Shared.projitems*{7ac7e57a-bb7c-41c2-ad38-5325a4d6bf14}*SharedItemsImports = 4
		Weather.History.Shared\Weather.History.Shared.projitems*{71cfb452-a142-460c-b9a1-52e983ba8ec8}*SharedItemsImports = 4
		Weather.History.Shared\Weather.History.Shared.projitems*{a5b8155a-118f-4794-b551-c6f3cf7e5411}*SharedItemsImports = 5
		Weather.History.Shared\Weather.History.Shared.projitems*{014e379f-0ece-45f1-a889-3657405b48d4}*SharedItemsImports = 4
	EndGlobalSection
	GlobalSection(SolutionConfigurationPlatforms) = preSolution
		Debug|Any CPU = Debug|Any CPU
		Debug|ARM = Debug|ARM
		Debug|ARM64 = Debug|ARM64
		Debug|iPhone = Debug|iPhone
		Debug|iPhoneSimulator = Debug|iPhoneSimulator
		Debug|x64 = Debug|x64
		Debug|x86 = Debug|x86
		Release|Any CPU = Release|Any CPU
		Release|ARM = Release|ARM
		Release|ARM64 = Release|ARM64
		Release|iPhone = Release|iPhone
		Release|iPhoneSimulator = Release|iPhoneSimulator
		Release|x64 = Release|x64
		Release|x86 = Release|x86
	EndGlobalSection
	GlobalSection(ProjectConfigurationPlatforms) = postSolution
		{014e379f-0ece-45f1-a889-3657405b48d4}.Debug|Any CPU.ActiveCfg = Debug|Any CPU
		{014e379f-0ece-45f1-a889-3657405b48d4}.Debug|Any CPU.Build.0 = Debug|Any CPU
		{014e379f-0ece-45f1-a889-3657405b48d4}.Debug|Any CPU.Deploy.0 = Debug|Any CPU
		{014e379f-0ece-45f1-a889-3657405b48d4}.Debug|ARM.ActiveCfg = Debug|Any CPU
		{014e379f-0ece-45f1-a889-3657405b48d4}.Debug|ARM.Build.0 = Debug|Any CPU
		{014e379f-0ece-45f1-a889-3657405b48d4}.Debug|ARM.Deploy.0 = Debug|Any CPU
		{014e379f-0ece-45f1-a889-3657405b48d4}.Debug|ARM64.ActiveCfg = Debug|Any CPU
		{014e379f-0ece-45f1-a889-3657405b48d4}.Debug|ARM64.Build.0 = Debug|Any CPU
		{014e379f-0ece-45f1-a889-3657405b48d4}.Debug|ARM64.Deploy.0 = Debug|Any CPU
		{014e379f-0ece-45f1-a889-3657405b48d4}.Debug|iPhone.ActiveCfg = Debug|Any CPU
		{014e379f-0ece-45f1-a889-3657405b48d4}.Debug|iPhone.Build.0 = Debug|Any CPU
		{014e379f-0ece-45f1-a889-3657405b48d4}.Debug|iPhone.Deploy.0 = Debug|Any CPU
		{014e379f-0ece-45f1-a889-3657405b48d4}.Debug|iPhoneSimulator.ActiveCfg = Debug|Any CPU
		{014e379f-0ece-45f1-a889-3657405b48d4}.Debug|iPhoneSimulator.Build.0 = Debug|Any CPU
		{014e379f-0ece-45f1-a889-3657405b48d4}.Debug|iPhoneSimulator.Deploy.0 = Debug|Any CPU
		{014e379f-0ece-45f1-a889-3657405b48d4}.Debug|x64.ActiveCfg = Debug|Any CPU
		{014e379f-0ece-45f1-a889-3657405b48d4}.Debug|x64.Build.0 = Debug|Any CPU
		{014e379f-0ece-45f1-a889-3657405b48d4}.Debug|x64.Deploy.0 = Debug|Any CPU
		{014e379f-0ece-45f1-a889-3657405b48d4}.Debug|x86.ActiveCfg = Debug|Any CPU
		{014e379f-0ece-45f1-a889-3657405b48d4}.Debug|x86.Build.0 = Debug|Any CPU
		{014e379f-0ece-45f1-a889-3657405b48d4}.Debug|x86.Deploy.0 = Debug|Any CPU

		{014e379f-0ece-45f1-a889-3657405b48d4}.Release|Any CPU.ActiveCfg = Release|Any CPU
		{014e379f-0ece-45f1-a889-3657405b48d4}.Release|Any CPU.Build.0 = Release|Any CPU
		{014e379f-0ece-45f1-a889-3657405b48d4}.Release|Any CPU.Deploy.0 = Release|Any CPU
		{014e379f-0ece-45f1-a889-3657405b48d4}.Release|ARM.ActiveCfg = Release|Any CPU
		{014e379f-0ece-45f1-a889-3657405b48d4}.Release|ARM.Build.0 = Release|Any CPU
		{014e379f-0ece-45f1-a889-3657405b48d4}.Release|ARM.Deploy.0 = Release|Any CPU
		{014e379f-0ece-45f1-a889-3657405b48d4}.Release|ARM64.ActiveCfg = Release|Any CPU
		{014e379f-0ece-45f1-a889-3657405b48d4}.Release|ARM64.Build.0 = Release|Any CPU
		{014e379f-0ece-45f1-a889-3657405b48d4}.Release|ARM64.Deploy.0 = Release|Any CPU
		{014e379f-0ece-45f1-a889-3657405b48d4}.Release|iPhone.ActiveCfg = Release|Any CPU
		{014e379f-0ece-45f1-a889-3657405b48d4}.Release|iPhone.Build.0 = Release|Any CPU
		{014e379f-0ece-45f1-a889-3657405b48d4}.Release|iPhone.Deploy.0 = Release|Any CPU
		{014e379f-0ece-45f1-a889-3657405b48d4}.Release|iPhoneSimulator.ActiveCfg = Release|Any CPU
		{014e379f-0ece-45f1-a889-3657405b48d4}.Release|iPhoneSimulator.Build.0 = Release|Any CPU
		{014e379f-0ece-45f1-a889-3657405b48d4}.Release|iPhoneSimulator.Deploy.0 = Release|Any CPU
		{014e379f-0ece-45f1-a889-3657405b48d4}.Release|x64.ActiveCfg = Release|Any CPU
		{014e379f-0ece-45f1-a889-3657405b48d4}.Release|x64.Build.0 = Release|Any CPU
		{014e379f-0ece-45f1-a889-3657405b48d4}.Release|x64.Deploy.0 = Release|Any CPU
		{014e379f-0ece-45f1-a889-3657405b48d4}.Release|x86.ActiveCfg = Release|Any CPU
		{014e379f-0ece-45f1-a889-3657405b48d4}.Release|x86.Build.0 = Release|Any CPU
		{014e379f-0ece-45f1-a889-3657405b48d4}.Release|x86.Deploy.0 = Release|Any CPU
		{71cfb452-a142-460c-b9a1-52e983ba8ec8}.Debug|Any CPU.ActiveCfg = Debug|iPhone
		{71cfb452-a142-460c-b9a1-52e983ba8ec8}.Debug|Any CPU.Build.0 = Debug|iPhone
		{71cfb452-a142-460c-b9a1-52e983ba8ec8}.Debug|Any CPU.Deploy.0 = Debug|iPhone
		{71cfb452-a142-460c-b9a1-52e983ba8ec8}.Debug|ARM.ActiveCfg = Debug|iPhone
		{71cfb452-a142-460c-b9a1-52e983ba8ec8}.Debug|ARM64.ActiveCfg = Debug|iPhone
		{71cfb452-a142-460c-b9a1-52e983ba8ec8}.Debug|iPhone.ActiveCfg = Debug|iPhone
		{71cfb452-a142-460c-b9a1-52e983ba8ec8}.Debug|iPhone.Build.0 = Debug|iPhone
		{71cfb452-a142-460c-b9a1-52e983ba8ec8}.Debug|iPhoneSimulator.ActiveCfg = Debug|iPhoneSimulator
		{71cfb452-a142-460c-b9a1-52e983ba8ec8}.Debug|iPhoneSimulator.Build.0 = Debug|iPhoneSimulator
		{71cfb452-a142-460c-b9a1-52e983ba8ec8}.Debug|x64.ActiveCfg = Debug|iPhone
		{71cfb452-a142-460c-b9a1-52e983ba8ec8}.Debug|x64.Build.0 = Debug|iPhone
		{71cfb452-a142-460c-b9a1-52e983ba8ec8}.Debug|x64.Deploy.0 = Debug|iPhone
		{71cfb452-a142-460c-b9a1-52e983ba8ec8}.Debug|x86.ActiveCfg = Debug|iPhoneSimulator
		{71cfb452-a142-460c-b9a1-52e983ba8ec8}.Debug|x86.Build.0 = Debug|iPhoneSimulator
		{71cfb452-a142-460c-b9a1-52e983ba8ec8}.Debug|x86.Deploy.0 = Debug|iPhoneSimulator
		{71cfb452-a142-460c-b9a1-52e983ba8ec8}.Release|Any CPU.ActiveCfg = Release|iPhone
		{71cfb452-a142-460c-b9a1-52e983ba8ec8}.Release|ARM.ActiveCfg = Release|iPhone
		{71cfb452-a142-460c-b9a1-52e983ba8ec8}.Release|ARM64.ActiveCfg = Release|iPhone
		{71cfb452-a142-460c-b9a1-52e983ba8ec8}.Release|iPhone.ActiveCfg = Release|iPhone
		{71cfb452-a142-460c-b9a1-52e983ba8ec8}.Release|iPhone.Build.0 = Release|iPhone
		{71cfb452-a142-460c-b9a1-52e983ba8ec8}.Release|iPhoneSimulator.ActiveCfg = Release|iPhoneSimulator
		{71cfb452-a142-460c-b9a1-52e983ba8ec8}.Release|iPhoneSimulator.Build.0 = Release|iPhoneSimulator
		{71cfb452-a142-460c-b9a1-52e983ba8ec8}.Release|x64.ActiveCfg = Release|iPhoneSimulator
		{71cfb452-a142-460c-b9a1-52e983ba8ec8}.Release|x64.Build.0 = Release|iPhoneSimulator
		{71cfb452-a142-460c-b9a1-52e983ba8ec8}.Release|x64.Deploy.0 = Release|iPhoneSimulator
		{71cfb452-a142-460c-b9a1-52e983ba8ec8}.Release|x86.ActiveCfg = Release|iPhoneSimulator
		{71cfb452-a142-460c-b9a1-52e983ba8ec8}.Release|x86.Build.0 = Release|iPhoneSimulator

		{7ac7e57a-bb7c-41c2-ad38-5325a4d6bf14}.Debug|Any CPU.ActiveCfg = Debug|x86
		{7ac7e57a-bb7c-41c2-ad38-5325a4d6bf14}.Debug|Any CPU.Build.0 = Debug|x86
		{7ac7e57a-bb7c-41c2-ad38-5325a4d6bf14}.Debug|Any CPU.Deploy.0 = Debug|x86
		{7ac7e57a-bb7c-41c2-ad38-5325a4d6bf14}.Debug|ARM.ActiveCfg = Debug|ARM
		{7ac7e57a-bb7c-41c2-ad38-5325a4d6bf14}.Debug|ARM.Build.0 = Debug|ARM
		{7ac7e57a-bb7c-41c2-ad38-5325a4d6bf14}.Debug|ARM.Deploy.0 = Debug|ARM
		{7ac7e57a-bb7c-41c2-ad38-5325a4d6bf14}.Debug|ARM64.ActiveCfg = Debug|ARM64
		{7ac7e57a-bb7c-41c2-ad38-5325a4d6bf14}.Debug|ARM64.Build.0 = Debug|ARM64
		{7ac7e57a-bb7c-41c2-ad38-5325a4d6bf14}.Debug|ARM64.Deploy.0 = Debug|ARM64
		{7ac7e57a-bb7c-41c2-ad38-5325a4d6bf14}.Debug|iPhone.ActiveCfg = Debug|x86
		{7ac7e57a-bb7c-41c2-ad38-5325a4d6bf14}.Debug|iPhone.Build.0 = Debug|x86
		{7ac7e57a-bb7c-41c2-ad38-5325a4d6bf14}.Debug|iPhone.Deploy.0 = Debug|x86
		{7ac7e57a-bb7c-41c2-ad38-5325a4d6bf14}.Debug|iPhoneSimulator.ActiveCfg = Debug|x86
		{7ac7e57a-bb7c-41c2-ad38-5325a4d6bf14}.Debug|iPhoneSimulator.Build.0 = Debug|x86
		{7ac7e57a-bb7c-41c2-ad38-5325a4d6bf14}.Debug|iPhoneSimulator.Deploy.0 = Debug|x86
		{7ac7e57a-bb7c-41c2-ad38-5325a4d6bf14}.Debug|x64.ActiveCfg = Debug|x64
		{7ac7e57a-bb7c-41c2-ad38-5325a4d6bf14}.Debug|x64.Build.0 = Debug|x64
		{7ac7e57a-bb7c-41c2-ad38-5325a4d6bf14}.Debug|x64.Deploy.0 = Debug|x64
		{7ac7e57a-bb7c-41c2-ad38-5325a4d6bf14}.Debug|x86.ActiveCfg = Debug|x86
		{7ac7e57a-bb7c-41c2-ad38-5325a4d6bf14}.Debug|x86.Build.0 = Debug|x86
		{7ac7e57a-bb7c-41c2-ad38-5325a4d6bf14}.Debug|x86.Deploy.0 = Debug|x86
		{7ac7e57a-bb7c-41c2-ad38-5325a4d6bf14}.Release|Any CPU.ActiveCfg = Release|x86
		{7ac7e57a-bb7c-41c2-ad38-5325a4d6bf14}.Release|ARM.ActiveCfg = Release|ARM
		{7ac7e57a-bb7c-41c2-ad38-5325a4d6bf14}.Release|ARM.Build.0 = Release|ARM
		{7ac7e57a-bb7c-41c2-ad38-5325a4d6bf14}.Release|ARM.Deploy.0 = Release|ARM
		{7ac7e57a-bb7c-41c2-ad38-5325a4d6bf14}.Release|ARM64.ActiveCfg = Release|ARM64
		{7ac7e57a-bb7c-41c2-ad38-5325a4d6bf14}.Release|ARM64.Build.0 = Release|ARM64
		{7ac7e57a-bb7c-41c2-ad38-5325a4d6bf14}.Release|ARM64.Deploy.0 = Release|ARM64
		{7ac7e57a-bb7c-41c2-ad38-5325a4d6bf14}.Release|iPhone.ActiveCfg = Release|x86
		{7ac7e57a-bb7c-41c2-ad38-5325a4d6bf14}.Release|iPhone.Build.0 = Release|x86
		{7ac7e57a-bb7c-41c2-ad38-5325a4d6bf14}.Release|iPhoneSimulator.ActiveCfg = Release|x86
		{7ac7e57a-bb7c-41c2-ad38-5325a4d6bf14}.Release|iPhoneSimulator.Build.0 = Release|x86
		{7ac7e57a-bb7c-41c2-ad38-5325a4d6bf14}.Release|iPhoneSimulator.Deploy.0 = Release|x86
		{7ac7e57a-bb7c-41c2-ad38-5325a4d6bf14}.Release|x64.ActiveCfg = Release|x64
		{7ac7e57a-bb7c-41c2-ad38-5325a4d6bf14}.Release|x64.Build.0 = Release|x64
		{7ac7e57a-bb7c-41c2-ad38-5325a4d6bf14}.Release|x64.Deploy.0 = Release|x64
		{7ac7e57a-bb7c-41c2-ad38-5325a4d6bf14}.Release|x86.ActiveCfg = Release|x86
		{7ac7e57a-bb7c-41c2-ad38-5325a4d6bf14}.Release|x86.Build.0 = Release|x86
		{7ac7e57a-bb7c-41c2-ad38-5325a4d6bf14}.Release|x86.Deploy.0 = Release|x86

		{6cbf008a-8623-46a5-ae03-bbea681fdd55}.Debug|Any CPU.ActiveCfg = Debug|Any CPU
		{6cbf008a-8623-46a5-ae03-bbea681fdd55}.Debug|Any CPU.Build.0 = Debug|Any CPU
		{6cbf008a-8623-46a5-ae03-bbea681fdd55}.Debug|Any CPU.Deploy.0 = Debug|Any CPU
		{6cbf008a-8623-46a5-ae03-bbea681fdd55}.Debug|ARM.ActiveCfg = Debug|Any CPU
		{6cbf008a-8623-46a5-ae03-bbea681fdd55}.Debug|ARM.Build.0 = Debug|Any CPU
		{6cbf008a-8623-46a5-ae03-bbea681fdd55}.Debug|ARM.Deploy.0 = Debug|Any CPU
		{6cbf008a-8623-46a5-ae03-bbea681fdd55}.Debug|ARM64.ActiveCfg = Debug|Any CPU
		{6cbf008a-8623-46a5-ae03-bbea681fdd55}.Debug|ARM64.Build.0 = Debug|Any CPU
		{6cbf008a-8623-46a5-ae03-bbea681fdd55}.Debug|ARM64.Deploy.0 = Debug|Any CPU
		{6cbf008a-8623-46a5-ae03-bbea681fdd55}.Debug|iPhone.ActiveCfg = Debug|Any CPU
		{6cbf008a-8623-46a5-ae03-bbea681fdd55}.Debug|iPhone.Build.0 = Debug|Any CPU
		{6cbf008a-8623-46a5-ae03-bbea681fdd55}.Debug|iPhone.Deploy.0 = Debug|Any CPU
		{6cbf008a-8623-46a5-ae03-bbea681fdd55}.Debug|iPhoneSimulator.ActiveCfg = Debug|Any CPU
		{6cbf008a-8623-46a5-ae03-bbea681fdd55}.Debug|iPhoneSimulator.Build.0 = Debug|Any CPU
		{6cbf008a-8623-46a5-ae03-bbea681fdd55}.Debug|iPhoneSimulator.Deploy.0 = Debug|Any CPU
		{6cbf008a-8623-46a5-ae03-bbea681fdd55}.Debug|x64.ActiveCfg = Debug|Any CPU
		{6cbf008a-8623-46a5-ae03-bbea681fdd55}.Debug|x64.Build.0 = Debug|Any CPU
		{6cbf008a-8623-46a5-ae03-bbea681fdd55}.Debug|x64.Deploy.0 = Debug|Any CPU
		{6cbf008a-8623-46a5-ae03-bbea681fdd55}.Debug|x86.ActiveCfg = Debug|Any CPU
		{6cbf008a-8623-46a5-ae03-bbea681fdd55}.Debug|x86.Build.0 = Debug|Any CPU
		{6cbf008a-8623-46a5-ae03-bbea681fdd55}.Debug|x86.Deploy.0 = Debug|Any CPU
		{6cbf008a-8623-46a5-ae03-bbea681fdd55}.Release|Any CPU.ActiveCfg = Release|Any CPU
		{6cbf008a-8623-46a5-ae03-bbea681fdd55}.Release|Any CPU.Build.0 = Release|Any CPU
		{6cbf008a-8623-46a5-ae03-bbea681fdd55}.Release|ARM.ActiveCfg = Release|Any CPU
		{6cbf008a-8623-46a5-ae03-bbea681fdd55}.Release|ARM.Build.0 = Release|Any CPU
		{6cbf008a-8623-46a5-ae03-bbea681fdd55}.Release|ARM.Deploy.0 = Release|Any CPU
		{6cbf008a-8623-46a5-ae03-bbea681fdd55}.Release|ARM64.ActiveCfg = Release|Any CPU
		{6cbf008a-8623-46a5-ae03-bbea681fdd55}.Release|ARM64.Build.0 = Release|Any CPU
		{6cbf008a-8623-46a5-ae03-bbea681fdd55}.Release|ARM64.Deploy.0 = Release|Any CPU
		{6cbf008a-8623-46a5-ae03-bbea681fdd55}.Release|iPhone.ActiveCfg = Release|Any CPU
		{6cbf008a-8623-46a5-ae03-bbea681fdd55}.Release|iPhone.Build.0 = Release|Any CPU
		{6cbf008a-8623-46a5-ae03-bbea681fdd55}.Release|iPhoneSimulator.ActiveCfg = Release|Any CPU
		{6cbf008a-8623-46a5-ae03-bbea681fdd55}.Release|iPhoneSimulator.Build.0 = Release|Any CPU
		{6cbf008a-8623-46a5-ae03-bbea681fdd55}.Release|iPhoneSimulator.Deploy.0 = Release|Any CPU
		{6cbf008a-8623-46a5-ae03-bbea681fdd55}.Release|x64.ActiveCfg = Release|Any CPU
		{6cbf008a-8623-46a5-ae03-bbea681fdd55}.Release|x64.Build.0 = Release|Any CPU
		{6cbf008a-8623-46a5-ae03-bbea681fdd55}.Release|x64.Deploy.0 = Release|Any CPU
		{6cbf008a-8623-46a5-ae03-bbea681fdd55}.Release|x86.ActiveCfg = Release|Any CPU
		{6cbf008a-8623-46a5-ae03-bbea681fdd55}.Release|x86.Build.0 = Release|Any CPU
		{6cbf008a-8623-46a5-ae03-bbea681fdd55}.Release|x86.Deploy.0 = Release|Any CPU

		{A5B8155A-118F-4794-B551-C6F3CF7E5411}.Debug|Any CPU.ActiveCfg = Debug|Any CPU
		{A5B8155A-118F-4794-B551-C6F3CF7E5411}.Debug|Any CPU.Build.0 = Debug|Any CPU
		{A5B8155A-118F-4794-B551-C6F3CF7E5411}.Debug|ARM.ActiveCfg = Debug|Any CPU
		{A5B8155A-118F-4794-B551-C6F3CF7E5411}.Debug|ARM.Build.0 = Debug|Any CPU
		{A5B8155A-118F-4794-B551-C6F3CF7E5411}.Debug|ARM64.ActiveCfg = Debug|Any CPU
		{A5B8155A-118F-4794-B551-C6F3CF7E5411}.Debug|ARM64.Build.0 = Debug|Any CPU
		{A5B8155A-118F-4794-B551-C6F3CF7E5411}.Debug|iPhone.ActiveCfg = Debug|Any CPU
		{A5B8155A-118F-4794-B551-C6F3CF7E5411}.Debug|iPhone.Build.0 = Debug|Any CPU
		{A5B8155A-118F-4794-B551-C6F3CF7E5411}.Debug|iPhoneSimulator.ActiveCfg = Debug|Any CPU
		{A5B8155A-118F-4794-B551-C6F3CF7E5411}.Debug|iPhoneSimulator.Build.0 = Debug|Any CPU
		{A5B8155A-118F-4794-B551-C6F3CF7E5411}.Debug|x64.ActiveCfg = Debug|Any CPU
		{A5B8155A-118F-4794-B551-C6F3CF7E5411}.Debug|x64.Build.0 = Debug|Any CPU
		{A5B8155A-118F-4794-B551-C6F3CF7E5411}.Debug|x86.ActiveCfg = Debug|Any CPU
		{A5B8155A-118F-4794-B551-C6F3CF7E5411}.Debug|x86.Build.0 = Debug|Any CPU
		{A5B8155A-118F-4794-B551-C6F3CF7E5411}.Release|Any CPU.ActiveCfg = Release|Any CPU
		{A5B8155A-118F-4794-B551-C6F3CF7E5411}.Release|Any CPU.Build.0 = Release|Any CPU
		{A5B8155A-118F-4794-B551-C6F3CF7E5411}.Release|ARM.ActiveCfg = Release|Any CPU
		{A5B8155A-118F-4794-B551-C6F3CF7E5411}.Release|ARM.Build.0 = Release|Any CPU
		{A5B8155A-118F-4794-B551-C6F3CF7E5411}.Release|ARM64.ActiveCfg = Release|Any CPU
		{A5B8155A-118F-4794-B551-C6F3CF7E5411}.Release|ARM64.Build.0 = Release|Any CPU
		{A5B8155A-118F-4794-B551-C6F3CF7E5411}.Release|iPhone.ActiveCfg = Release|Any CPU
		{A5B8155A-118F-4794-B551-C6F3CF7E5411}.Release|iPhone.Build.0 = Release|Any CPU
		{A5B8155A-118F-4794-B551-C6F3CF7E5411}.Release|iPhoneSimulator.ActiveCfg = Release|Any CPU
		{A5B8155A-118F-4794-B551-C6F3CF7E5411}.Release|iPhoneSimulator.Build.0 = Release|Any CPU
		{A5B8155A-118F-4794-B551-C6F3CF7E5411}.Release|x64.ActiveCfg = Release|Any CPU
		{A5B8155A-118F-4794-B551-C6F3CF7E5411}.Release|x64.Build.0 = Release|Any CPU
		{A5B8155A-118F-4794-B551-C6F3CF7E5411}.Release|x86.ActiveCfg = Release|Any CPU
		{A5B8155A-118F-4794-B551-C6F3CF7E5411}.Release|x86.Build.0 = Release|Any CPU
		{6CF284A4-22B1-4F05-97F4-F095C07A598E}.Debug|Any CPU.ActiveCfg = Debug|Any CPU
		{6CF284A4-22B1-4F05-97F4-F095C07A598E}.Debug|Any CPU.Build.0 = Debug|Any CPU
		{6CF284A4-22B1-4F05-97F4-F095C07A598E}.Debug|ARM.ActiveCfg = Debug|Any CPU
		{6CF284A4-22B1-4F05-97F4-F095C07A598E}.Debug|ARM.Build.0 = Debug|Any CPU
		{6CF284A4-22B1-4F05-97F4-F095C07A598E}.Debug|ARM64.ActiveCfg = Debug|Any CPU
		{6CF284A4-22B1-4F05-97F4-F095C07A598E}.Debug|ARM64.Build.0 = Debug|Any CPU
		{6CF284A4-22B1-4F05-97F4-F095C07A598E}.Debug|iPhone.ActiveCfg = Debug|Any CPU
		{6CF284A4-22B1-4F05-97F4-F095C07A598E}.Debug|iPhone.Build.0 = Debug|Any CPU
		{6CF284A4-22B1-4F05-97F4-F095C07A598E}.Debug|iPhoneSimulator.ActiveCfg = Debug|Any CPU
		{6CF284A4-22B1-4F05-97F4-F095C07A598E}.Debug|iPhoneSimulator.Build.0 = Debug|Any CPU
		{6CF284A4-22B1-4F05-97F4-F095C07A598E}.Debug|x64.ActiveCfg = Debug|Any CPU
		{6CF284A4-22B1-4F05-97F4-F095C07A598E}.Debug|x64.Build.0 = Debug|Any CPU
		{6CF284A4-22B1-4F05-97F4-F095C07A598E}.Debug|x86.ActiveCfg = Debug|Any CPU
		{6CF284A4-22B1-4F05-97F4-F095C07A598E}.Debug|x86.Build.0 = Debug|Any CPU
		{6CF284A4-22B1-4F05-97F4-F095C07A598E}.Release|Any CPU.ActiveCfg = Release|Any CPU
		{6CF284A4-22B1-4F05-97F4-F095C07A598E}.Release|Any CPU.Build.0 = Release|Any CPU
		{6CF284A4-22B1-4F05-97F4-F095C07A598E}.Release|ARM.ActiveCfg = Release|Any CPU
		{6CF284A4-22B1-4F05-97F4-F095C07A598E}.Release|ARM.Build.0 = Release|Any CPU
		{6CF284A4-22B1-4F05-97F4-F095C07A598E}.Release|ARM64.ActiveCfg = Release|Any CPU
		{6CF284A4-22B1-4F05-97F4-F095C07A598E}.Release|ARM64.Build.0 = Release|Any CPU
		{6CF284A4-22B1-4F05-97F4-F095C07A598E}.Release|iPhone.ActiveCfg = Release|Any CPU
		{6CF284A4-22B1-4F05-97F4-F095C07A598E}.Release|iPhone.Build.0 = Release|Any CPU
		{6CF284A4-22B1-4F05-97F4-F095C07A598E}.Release|iPhoneSimulator.ActiveCfg = Release|Any CPU
		{6CF284A4-22B1-4F05-97F4-F095C07A598E}.Release|iPhoneSimulator.Build.0 = Release|Any CPU
		{6CF284A4-22B1-4F05-97F4-F095C07A598E}.Release|x64.ActiveCfg = Release|Any CPU
		{6CF284A4-22B1-4F05-97F4-F095C07A598E}.Release|x64.Build.0 = Release|Any CPU
		{6CF284A4-22B1-4F05-97F4-F095C07A598E}.Release|x86.ActiveCfg = Release|Any CPU
		{6CF284A4-22B1-4F05-97F4-F095C07A598E}.Release|x86.Build.0 = Release|Any CPU
		{1AA13270-F438-4864-9435-54FD806E10EA}.Debug|Any CPU.ActiveCfg = Debug|x86
		{1AA13270-F438-4864-9435-54FD806E10EA}.Debug|Any CPU.Build.0 = Debug|x86
		{1AA13270-F438-4864-9435-54FD806E10EA}.Debug|ARM.ActiveCfg = Debug|Any CPU
		{1AA13270-F438-4864-9435-54FD806E10EA}.Debug|ARM.Build.0 = Debug|Any CPU
		{1AA13270-F438-4864-9435-54FD806E10EA}.Debug|ARM64.ActiveCfg = Debug|x86
		{1AA13270-F438-4864-9435-54FD806E10EA}.Debug|ARM64.Build.0 = Debug|x86
		{1AA13270-F438-4864-9435-54FD806E10EA}.Debug|iPhone.ActiveCfg = Debug|Any CPU
		{1AA13270-F438-4864-9435-54FD806E10EA}.Debug|iPhone.Build.0 = Debug|Any CPU
		{1AA13270-F438-4864-9435-54FD806E10EA}.Debug|iPhoneSimulator.ActiveCfg = Debug|Any CPU
		{1AA13270-F438-4864-9435-54FD806E10EA}.Debug|iPhoneSimulator.Build.0 = Debug|Any CPU
		{1AA13270-F438-4864-9435-54FD806E10EA}.Debug|x64.ActiveCfg = Debug|x86
		{1AA13270-F438-4864-9435-54FD806E10EA}.Debug|x64.Build.0 = Debug|x86
		{1AA13270-F438-4864-9435-54FD806E10EA}.Debug|x86.ActiveCfg = Debug|x86
		{1AA13270-F438-4864-9435-54FD806E10EA}.Debug|x86.Build.0 = Debug|x86
		{1AA13270-F438-4864-9435-54FD806E10EA}.Release|Any CPU.ActiveCfg = Release|Any CPU
		{1AA13270-F438-4864-9435-54FD806E10EA}.Release|Any CPU.Build.0 = Release|Any CPU
		{1AA13270-F438-4864-9435-54FD806E10EA}.Release|ARM.ActiveCfg = Release|Any CPU
		{1AA13270-F438-4864-9435-54FD806E10EA}.Release|ARM.Build.0 = Release|Any CPU
		{1AA13270-F438-4864-9435-54FD806E10EA}.Release|ARM64.ActiveCfg = Release|x86
		{1AA13270-F438-4864-9435-54FD806E10EA}.Release|ARM64.Build.0 = Release|x86
		{1AA13270-F438-4864-9435-54FD806E10EA}.Release|iPhone.ActiveCfg = Release|Any CPU
		{1AA13270-F438-4864-9435-54FD806E10EA}.Release|iPhone.Build.0 = Release|Any CPU
		{1AA13270-F438-4864-9435-54FD806E10EA}.Release|iPhoneSimulator.ActiveCfg = Release|Any CPU
		{1AA13270-F438-4864-9435-54FD806E10EA}.Release|iPhoneSimulator.Build.0 = Release|Any CPU
		{1AA13270-F438-4864-9435-54FD806E10EA}.Release|x64.ActiveCfg = Release|x86
		{1AA13270-F438-4864-9435-54FD806E10EA}.Release|x64.Build.0 = Release|x86
		{1AA13270-F438-4864-9435-54FD806E10EA}.Release|x86.ActiveCfg = Release|x86
		{1AA13270-F438-4864-9435-54FD806E10EA}.Release|x86.Build.0 = Release|x86

		{40EA03F7-8A22-4143-B251-79BAC3EB13D2}.Debug|Any CPU.ActiveCfg = Debug|Any CPU
		{40EA03F7-8A22-4143-B251-79BAC3EB13D2}.Debug|Any CPU.Build.0 = Debug|Any CPU
		{40EA03F7-8A22-4143-B251-79BAC3EB13D2}.Debug|ARM.ActiveCfg = Debug|Any CPU
		{40EA03F7-8A22-4143-B251-79BAC3EB13D2}.Debug|ARM.Build.0 = Debug|Any CPU
		{40EA03F7-8A22-4143-B251-79BAC3EB13D2}.Debug|ARM64.ActiveCfg = Debug|Any CPU
		{40EA03F7-8A22-4143-B251-79BAC3EB13D2}.Debug|ARM64.Build.0 = Debug|Any CPU
		{40EA03F7-8A22-4143-B251-79BAC3EB13D2}.Debug|iPhone.ActiveCfg = Debug|Any CPU
		{40EA03F7-8A22-4143-B251-79BAC3EB13D2}.Debug|iPhone.Build.0 = Debug|Any CPU
		{40EA03F7-8A22-4143-B251-79BAC3EB13D2}.Debug|iPhoneSimulator.ActiveCfg = Debug|Any CPU
		{40EA03F7-8A22-4143-B251-79BAC3EB13D2}.Debug|iPhoneSimulator.Build.0 = Debug|Any CPU
		{40EA03F7-8A22-4143-B251-79BAC3EB13D2}.Debug|x64.ActiveCfg = Debug|Any CPU
		{40EA03F7-8A22-4143-B251-79BAC3EB13D2}.Debug|x64.Build.0 = Debug|Any CPU
		{40EA03F7-8A22-4143-B251-79BAC3EB13D2}.Debug|x86.ActiveCfg = Debug|Any CPU
		{40EA03F7-8A22-4143-B251-79BAC3EB13D2}.Debug|x86.Build.0 = Debug|Any CPU
		{40EA03F7-8A22-4143-B251-79BAC3EB13D2}.Release|Any CPU.ActiveCfg = Release|Any CPU
		{40EA03F7-8A22-4143-B251-79BAC3EB13D2}.Release|Any CPU.Build.0 = Release|Any CPU
		{40EA03F7-8A22-4143-B251-79BAC3EB13D2}.Release|ARM.ActiveCfg = Release|Any CPU
		{40EA03F7-8A22-4143-B251-79BAC3EB13D2}.Release|ARM.Build.0 = Release|Any CPU
		{40EA03F7-8A22-4143-B251-79BAC3EB13D2}.Release|ARM64.ActiveCfg = Release|Any CPU
		{40EA03F7-8A22-4143-B251-79BAC3EB13D2}.Release|ARM64.Build.0 = Release|Any CPU
		{40EA03F7-8A22-4143-B251-79BAC3EB13D2}.Release|iPhone.ActiveCfg = Release|Any CPU
		{40EA03F7-8A22-4143-B251-79BAC3EB13D2}.Release|iPhone.Build.0 = Release|Any CPU
		{40EA03F7-8A22-4143-B251-79BAC3EB13D2}.Release|iPhoneSimulator.ActiveCfg = Release|Any CPU
		{40EA03F7-8A22-4143-B251-79BAC3EB13D2}.Release|iPhoneSimulator.Build.0 = Release|Any CPU
		{40EA03F7-8A22-4143-B251-79BAC3EB13D2}.Release|x64.ActiveCfg = Release|Any CPU
		{40EA03F7-8A22-4143-B251-79BAC3EB13D2}.Release|x64.Build.0 = Release|Any CPU
		{40EA03F7-8A22-4143-B251-79BAC3EB13D2}.Release|x86.ActiveCfg = Release|Any CPU
		{40EA03F7-8A22-4143-B251-79BAC3EB13D2}.Release|x86.Build.0 = Release|Any CPU

		{098ecee6-4a74-4f42-8d71-6e0917db5438}.Debug|Any CPU.ActiveCfg = Debug|iPhoneSimulator
		{098ecee6-4a74-4f42-8d71-6e0917db5438}.Debug|Any CPU.Build.0 = Debug|iPhoneSimulator
		{098ecee6-4a74-4f42-8d71-6e0917db5438}.Debug|ARM.ActiveCfg = Debug|iPhoneSimulator
		{098ecee6-4a74-4f42-8d71-6e0917db5438}.Debug|ARM64.ActiveCfg = Debug|iPhoneSimulator
		{098ecee6-4a74-4f42-8d71-6e0917db5438}.Debug|iPhone.ActiveCfg = Debug|iPhoneSimulator
		{098ecee6-4a74-4f42-8d71-6e0917db5438}.Debug|iPhone.Build.0 = Debug|iPhoneSimulator
		{098ecee6-4a74-4f42-8d71-6e0917db5438}.Debug|iPhoneSimulator.ActiveCfg = Debug|iPhoneSimulator
		{098ecee6-4a74-4f42-8d71-6e0917db5438}.Debug|iPhoneSimulator.Build.0 = Debug|iPhoneSimulator
		{098ecee6-4a74-4f42-8d71-6e0917db5438}.Debug|x64.ActiveCfg = Debug|iPhoneSimulator
		{098ecee6-4a74-4f42-8d71-6e0917db5438}.Debug|x64.Build.0 = Debug|iPhoneSimulator
		{098ecee6-4a74-4f42-8d71-6e0917db5438}.Debug|x86.ActiveCfg = Debug|iPhoneSimulator
		{098ecee6-4a74-4f42-8d71-6e0917db5438}.Debug|x86.Build.0 = Debug|iPhoneSimulator
		{098ecee6-4a74-4f42-8d71-6e0917db5438}.Release|Any CPU.ActiveCfg = Release|iPhoneSimulator
		{098ecee6-4a74-4f42-8d71-6e0917db5438}.Release|ARM.ActiveCfg = Release|iPhoneSimulator
		{098ecee6-4a74-4f42-8d71-6e0917db5438}.Release|ARM64.ActiveCfg = Release|iPhoneSimulator
		{098ecee6-4a74-4f42-8d71-6e0917db5438}.Release|iPhone.ActiveCfg = Release|iPhoneSimulator
		{098ecee6-4a74-4f42-8d71-6e0917db5438}.Release|iPhone.Build.0 = Release|iPhoneSimulator
		{098ecee6-4a74-4f42-8d71-6e0917db5438}.Release|iPhoneSimulator.ActiveCfg = Release|iPhoneSimulator
		{098ecee6-4a74-4f42-8d71-6e0917db5438}.Release|iPhoneSimulator.Build.0 = Release|iPhoneSimulator
		{098ecee6-4a74-4f42-8d71-6e0917db5438}.Release|x64.ActiveCfg = Release|iPhoneSimulator
		{098ecee6-4a74-4f42-8d71-6e0917db5438}.Release|x64.Build.0 = Release|iPhoneSimulator
		{098ecee6-4a74-4f42-8d71-6e0917db5438}.Release|x86.ActiveCfg = Release|iPhoneSimulator
		{098ecee6-4a74-4f42-8d71-6e0917db5438}.Release|x86.Build.0 = Release|iPhoneSimulator

		{04D3A50A-BD96-4168-A331-3AC5E63800DE}.Debug|Any CPU.ActiveCfg = Debug|arm64
		{04D3A50A-BD96-4168-A331-3AC5E63800DE}.Debug|Any CPU.Build.0 = Debug|arm64
		{04D3A50A-BD96-4168-A331-3AC5E63800DE}.Debug|ARM.ActiveCfg = Debug|Any CPU
		{04D3A50A-BD96-4168-A331-3AC5E63800DE}.Debug|ARM.Build.0 = Debug|Any CPU
		{04D3A50A-BD96-4168-A331-3AC5E63800DE}.Debug|ARM64.ActiveCfg = Debug|arm64
		{04D3A50A-BD96-4168-A331-3AC5E63800DE}.Debug|ARM64.Build.0 = Debug|arm64
		{04D3A50A-BD96-4168-A331-3AC5E63800DE}.Debug|iPhone.ActiveCfg = Debug|Any CPU
		{04D3A50A-BD96-4168-A331-3AC5E63800DE}.Debug|iPhone.Build.0 = Debug|Any CPU
		{04D3A50A-BD96-4168-A331-3AC5E63800DE}.Debug|iPhoneSimulator.ActiveCfg = Debug|Any CPU
		{04D3A50A-BD96-4168-A331-3AC5E63800DE}.Debug|iPhoneSimulator.Build.0 = Debug|Any CPU
		{04D3A50A-BD96-4168-A331-3AC5E63800DE}.Debug|x64.ActiveCfg = Debug|x64
		{04D3A50A-BD96-4168-A331-3AC5E63800DE}.Debug|x64.Build.0 = Debug|x64
		{04D3A50A-BD96-4168-A331-3AC5E63800DE}.Debug|x86.ActiveCfg = Debug|x86
		{04D3A50A-BD96-4168-A331-3AC5E63800DE}.Debug|x86.Build.0 = Debug|x86
		{04D3A50A-BD96-4168-A331-3AC5E63800DE}.Release|Any CPU.ActiveCfg = Release|Any CPU
		{04D3A50A-BD96-4168-A331-3AC5E63800DE}.Release|Any CPU.Build.0 = Release|Any CPU
		{04D3A50A-BD96-4168-A331-3AC5E63800DE}.Release|ARM.ActiveCfg = Release|Any CPU
		{04D3A50A-BD96-4168-A331-3AC5E63800DE}.Release|ARM.Build.0 = Release|Any CPU
		{04D3A50A-BD96-4168-A331-3AC5E63800DE}.Release|ARM64.ActiveCfg = Release|arm64
		{04D3A50A-BD96-4168-A331-3AC5E63800DE}.Release|ARM64.Build.0 = Release|arm64
		{04D3A50A-BD96-4168-A331-3AC5E63800DE}.Release|iPhone.ActiveCfg = Release|Any CPU
		{04D3A50A-BD96-4168-A331-3AC5E63800DE}.Release|iPhone.Build.0 = Release|Any CPU
		{04D3A50A-BD96-4168-A331-3AC5E63800DE}.Release|iPhoneSimulator.ActiveCfg = Release|Any CPU
		{04D3A50A-BD96-4168-A331-3AC5E63800DE}.Release|iPhoneSimulator.Build.0 = Release|Any CPU
		{04D3A50A-BD96-4168-A331-3AC5E63800DE}.Release|x64.ActiveCfg = Release|x64
		{04D3A50A-BD96-4168-A331-3AC5E63800DE}.Release|x64.Build.0 = Release|x64
		{04D3A50A-BD96-4168-A331-3AC5E63800DE}.Release|x86.ActiveCfg = Release|x86
		{04D3A50A-BD96-4168-A331-3AC5E63800DE}.Release|x86.Build.0 = Release|x86

	EndGlobalSection
	GlobalSection(SolutionProperties) = preSolution
		HideSolutionNode = FALSE
	EndGlobalSection
	GlobalSection(ExtensibilityGlobals) = postSolution
		SolutionGuid = {C7433AE2-B1A0-4C1A-887E-5CAA7AAF67A6}
	EndGlobalSection
EndGlobal
